Microsoft Visual Studio Solution File, Format Version 12.00
Project("{FAE04EC0-301F-11D3-BF4B-00C04F79EFBC}") = "FileBackupWorker", "src\FileBackupWorker.csproj", "{0AC853DB-B0CE-4136-87CD-E91DE6EA0789}"
EndProject
Project("{FAE04EC0-301F-11D3-BF4B-00C04F79EFBC}") = "UnitTests", "tests\UnitTests\UnitTests.csproj", "{003226F7-8ABF-41C5-8452-6DFB4FD27EBC}"
EndProject
Global
	GlobalSection(SolutionConfigurationPlatforms) = preSolution
		Debug|Any CPU = Debug|Any CPU
		Release|Any CPU = Release|Any CPU
	EndGlobalSection
	GlobalSection(ProjectConfigurationPlatforms) = postSolution
		{C2C9F61D-590C-4D1F-96EF-CAD97CF74E78}.Debug|Any CPU.ActiveCfg = Debug|Any CPU
		{C2C9F61D-590C-4D1F-96EF-CAD97CF74E78}.Debug|Any CPU.Build.0 = Debug|Any CPU
		{C2C9F61D-590C-4D1F-96EF-CAD97CF74E78}.Release|Any CPU.ActiveCfg = Release|Any CPU
		{C2C9F61D-590C-4D1F-96EF-CAD97CF74E78}.Release|Any CPU.Build.0 = Release|Any CPU
		{0AC853DB-B0CE-4136-87CD-E91DE6EA0789}.Debug|Any CPU.ActiveCfg = Debug|Any CPU
		{0AC853DB-B0CE-4136-87CD-E91DE6EA0789}.Debug|Any CPU.Build.0 = Debug|Any CPU
		{0AC853DB-B0CE-4136-87CD-E91DE6EA0789}.Release|Any CPU.ActiveCfg = Release|Any CPU
		{0AC853DB-B0CE-4136-87CD-E91DE6EA0789}.Release|Any CPU.Build.0 = Release|Any CPU
		{003226F7-8ABF-41C5-8452-6DFB4FD27EBC}.Debug|Any CPU.ActiveCfg = Debug|Any CPU
		{003226F7-8ABF-41C5-8452-6DFB4FD27EBC}.Debug|Any CPU.Build.0 = Debug|Any CPU
		{003226F7-8ABF-41C5-8452-6DFB4FD27EBC}.Release|Any CPU.ActiveCfg = Release|Any CPU
		{003226F7-8ABF-41C5-8452-6DFB4FD27EBC}.Release|Any CPU.Build.0 = Release|Any CPU
	EndGlobalSection
EndGlobal
